
Microsoft Visual Studio Solution File, Format Version 12.00
# Visual Studio Version 16
VisualStudioVersion = 16.0.33423.256
MinimumVisualStudioVersion = 10.0.40219.1
Project("{FAE04EC0-301F-11D3-BF4B-00C04F79EFBC}") = "SortingList", "SortingList\SortingList.csproj", "{700C6AC8-6789-485A-9EC8-EC0C5D456E41}"
EndProject
Global
	GlobalSection(SolutionConfigurationPlatforms) = preSolution
		Debug|Any CPU = Debug|Any CPU
		Release|Any CPU = Release|Any CPU
	EndGlobalSection
	GlobalSection(ProjectConfigurationPlatforms) = postSolution
		{700C6AC8-6789-485A-9EC8-EC0C5D456E41}.Debug|Any CPU.ActiveCfg = Debug|Any CPU
		{700C6AC8-6789-485A-9EC8-EC0C5D456E41}.Debug|Any CPU.Build.0 = Debug|Any CPU
		{700C6AC8-6789-485A-9EC8-EC0C5D456E41}.Release|Any CPU.ActiveCfg = Release|Any CPU
		{700C6AC8-6789-485A-9EC8-EC0C5D456E41}.Release|Any CPU.Build.0 = Release|Any CPU
	EndGlobalSection
	GlobalSection(SolutionProperties) = preSolution
		HideSolutionNode = FALSE
	EndGlobalSection
	GlobalSection(ExtensibilityGlobals) = postSolution
		SolutionGuid = {AFAE16C7-B860-4F54-9A43-5B5A2FA732C4}
	EndGlobalSection
EndGlobal
